
Microsoft Visual Studio Solution File, Format Version 12.00
# Visual Studio Version 16
VisualStudioVersion = 16.0.29509.3
MinimumVisualStudioVersion = 10.0.40219.1
Project("{FAE04EC0-301F-11D3-BF4B-00C04F79EFBC}") = "Mini Project 4 - Airline Networks Graph", "Mini Project 4 - Airline Networks Graph\Mini Project 4 - Airline Networks Graph.csproj", "{8E4CACEC-4946-43BA-8761-5A8DE2B0229D}"
EndProject
Global
	GlobalSection(SolutionConfigurationPlatforms) = preSolution
		Debug|Any CPU = Debug|Any CPU
		Release|Any CPU = Release|Any CPU
	EndGlobalSection
	GlobalSection(ProjectConfigurationPlatforms) = postSolution
		{8E4CACEC-4946-43BA-8761-5A8DE2B0229D}.Debug|Any CPU.ActiveCfg = Debug|Any CPU
		{8E4CACEC-4946-43BA-8761-5A8DE2B0229D}.Debug|Any CPU.Build.0 = Debug|Any CPU
		{8E4CACEC-4946-43BA-8761-5A8DE2B0229D}.Release|Any CPU.ActiveCfg = Release|Any CPU
		{8E4CACEC-4946-43BA-8761-5A8DE2B0229D}.Release|Any CPU.Build.0 = Release|Any CPU
	EndGlobalSection
	GlobalSection(SolutionProperties) = preSolution
		HideSolutionNode = FALSE
	EndGlobalSection
	GlobalSection(ExtensibilityGlobals) = postSolution
		SolutionGuid = {F6D83500-3204-4D8A-92D4-790D616EBD85}
	EndGlobalSection
EndGlobal
